// !$*UTF8*$!
{
	archiveVersion = 1;
	classes = {
	};
	objectVersion = 46;
	objects = {

/* Begin PBXBuildFile section */
		3F4787085B60ABCE90BAA253 /* Pods_THMReader_WatchKit_Extension.framework in Frameworks */ = {isa = PBXBuildFile; fileRef = 9960B40A03DF8EE9B4FDB08D /* Pods_THMReader_WatchKit_Extension.framework */; };
		946FE9CD1EC0D21600C2DD20 /* ArticleRowController.swift in Sources */ = {isa = PBXBuildFile; fileRef = 946FE9CC1EC0D21600C2DD20 /* ArticleRowController.swift */; };
		946FE9CF1EC196B700C2DD20 /* ArticleInterfaceController.swift in Sources */ = {isa = PBXBuildFile; fileRef = 946FE9CE1EC196B700C2DD20 /* ArticleInterfaceController.swift */; };
		94854F231EC0BDBA00283EA9 /* AppDelegate.swift in Sources */ = {isa = PBXBuildFile; fileRef = 94854F221EC0BDBA00283EA9 /* AppDelegate.swift */; };
		94854F251EC0BDBA00283EA9 /* ViewController.swift in Sources */ = {isa = PBXBuildFile; fileRef = 94854F241EC0BDBA00283EA9 /* ViewController.swift */; };
		94854F281EC0BDBA00283EA9 /* Main.storyboard in Resources */ = {isa = PBXBuildFile; fileRef = 94854F261EC0BDBA00283EA9 /* Main.storyboard */; };
		94854F2A1EC0BDBA00283EA9 /* Assets.xcassets in Resources */ = {isa = PBXBuildFile; fileRef = 94854F291EC0BDBA00283EA9 /* Assets.xcassets */; };
		94854F2D1EC0BDBA00283EA9 /* LaunchScreen.storyboard in Resources */ = {isa = PBXBuildFile; fileRef = 94854F2B1EC0BDBA00283EA9 /* LaunchScreen.storyboard */; };
		94854F321EC0BDBA00283EA9 /* THMReader WatchKit App.app in Embed Watch Content */ = {isa = PBXBuildFile; fileRef = 94854F311EC0BDBA00283EA9 /* THMReader WatchKit App.app */; };
		94854F381EC0BDBA00283EA9 /* Interface.storyboard in Resources */ = {isa = PBXBuildFile; fileRef = 94854F361EC0BDBA00283EA9 /* Interface.storyboard */; };
		94854F3A1EC0BDBA00283EA9 /* Assets.xcassets in Resources */ = {isa = PBXBuildFile; fileRef = 94854F391EC0BDBA00283EA9 /* Assets.xcassets */; };
		94854F411EC0BDBA00283EA9 /* THMReader WatchKit Extension.appex in Embed App Extensions */ = {isa = PBXBuildFile; fileRef = 94854F401EC0BDBA00283EA9 /* THMReader WatchKit Extension.appex */; settings = {ATTRIBUTES = (RemoveHeadersOnCopy, ); }; };
		94854F461EC0BDBA00283EA9 /* InterfaceController.swift in Sources */ = {isa = PBXBuildFile; fileRef = 94854F451EC0BDBA00283EA9 /* InterfaceController.swift */; };
		94854F481EC0BDBA00283EA9 /* ExtensionDelegate.swift in Sources */ = {isa = PBXBuildFile; fileRef = 94854F471EC0BDBA00283EA9 /* ExtensionDelegate.swift */; };
		94854F4A1EC0BDBA00283EA9 /* Assets.xcassets in Resources */ = {isa = PBXBuildFile; fileRef = 94854F491EC0BDBA00283EA9 /* Assets.xcassets */; };
		E8368A4EF128184D71E5F67A /* Pods_THMReader.framework in Frameworks */ = {isa = PBXBuildFile; fileRef = C5756FD3BD5230FFEEC145E3 /* Pods_THMReader.framework */; };
		FAD457E2DC96DD3280C716B8 /* Pods_THMReader_WatchKit_App.framework in Frameworks */ = {isa = PBXBuildFile; fileRef = 03B71E55339DE09A6D0233E6 /* Pods_THMReader_WatchKit_App.framework */; };
/* End PBXBuildFile section */

/* Begin PBXContainerItemProxy section */
		94854F331EC0BDBA00283EA9 /* PBXContainerItemProxy */ = {
			isa = PBXContainerItemProxy;
			containerPortal = 94854F171EC0BDBA00283EA9 /* Project object */;
			proxyType = 1;
			remoteGlobalIDString = 94854F301EC0BDBA00283EA9;
			remoteInfo = "THMReader WatchKit App";
		};
		94854F421EC0BDBA00283EA9 /* PBXContainerItemProxy */ = {
			isa = PBXContainerItemProxy;
			containerPortal = 94854F171EC0BDBA00283EA9 /* Project object */;
			proxyType = 1;
			remoteGlobalIDString = 94854F3F1EC0BDBA00283EA9;
			remoteInfo = "THMReader WatchKit Extension";
		};
/* End PBXContainerItemProxy section */

/* Begin PBXCopyFilesBuildPhase section */
		94854F511EC0BDBA00283EA9 /* Embed App Extensions */ = {
			isa = PBXCopyFilesBuildPhase;
			buildActionMask = 2147483647;
			dstPath = "";
			dstSubfolderSpec = 13;
			files = (
				94854F411EC0BDBA00283EA9 /* THMReader WatchKit Extension.appex in Embed App Extensions */,
			);
			name = "Embed App Extensions";
			runOnlyForDeploymentPostprocessing = 0;
		};
		94854F551EC0BDBA00283EA9 /* Embed Watch Content */ = {
			isa = PBXCopyFilesBuildPhase;
			buildActionMask = 2147483647;
			dstPath = "$(CONTENTS_FOLDER_PATH)/Watch";
			dstSubfolderSpec = 16;
			files = (
				94854F321EC0BDBA00283EA9 /* THMReader WatchKit App.app in Embed Watch Content */,
			);
			name = "Embed Watch Content";
			runOnlyForDeploymentPostprocessing = 0;
		};
/* End PBXCopyFilesBuildPhase section */

/* Begin PBXFileReference section */
		03B71E55339DE09A6D0233E6 /* Pods_THMReader_WatchKit_App.framework */ = {isa = PBXFileReference; explicitFileType = wrapper.framework; includeInIndex = 0; path = Pods_THMReader_WatchKit_App.framework; sourceTree = BUILT_PRODUCTS_DIR; };
		68DE3ED3C09625B389F1A342 /* Pods-THMReader WatchKit App.debug.xcconfig */ = {isa = PBXFileReference; includeInIndex = 1; lastKnownFileType = text.xcconfig; name = "Pods-THMReader WatchKit App.debug.xcconfig"; path = "Pods/Target Support Files/Pods-THMReader WatchKit App/Pods-THMReader WatchKit App.debug.xcconfig"; sourceTree = "<group>"; };
		81976D5CF66495BC2104B427 /* Pods-THMReader WatchKit Extension.release.xcconfig */ = {isa = PBXFileReference; includeInIndex = 1; lastKnownFileType = text.xcconfig; name = "Pods-THMReader WatchKit Extension.release.xcconfig"; path = "Pods/Target Support Files/Pods-THMReader WatchKit Extension/Pods-THMReader WatchKit Extension.release.xcconfig"; sourceTree = "<group>"; };
		8629439D3A3E47CD580AB668 /* Pods-THMReader WatchKit App.release.xcconfig */ = {isa = PBXFileReference; includeInIndex = 1; lastKnownFileType = text.xcconfig; name = "Pods-THMReader WatchKit App.release.xcconfig"; path = "Pods/Target Support Files/Pods-THMReader WatchKit App/Pods-THMReader WatchKit App.release.xcconfig"; sourceTree = "<group>"; };
		946FE9CC1EC0D21600C2DD20 /* ArticleRowController.swift */ = {isa = PBXFileReference; fileEncoding = 4; lastKnownFileType = sourcecode.swift; path = ArticleRowController.swift; sourceTree = "<group>"; };
		946FE9CE1EC196B700C2DD20 /* ArticleInterfaceController.swift */ = {isa = PBXFileReference; fileEncoding = 4; lastKnownFileType = sourcecode.swift; path = ArticleInterfaceController.swift; sourceTree = "<group>"; };
		94854F1F1EC0BDBA00283EA9 /* THMReader.app */ = {isa = PBXFileReference; explicitFileType = wrapper.application; includeInIndex = 0; path = THMReader.app; sourceTree = BUILT_PRODUCTS_DIR; };
		94854F221EC0BDBA00283EA9 /* AppDelegate.swift */ = {isa = PBXFileReference; lastKnownFileType = sourcecode.swift; path = AppDelegate.swift; sourceTree = "<group>"; };
		94854F241EC0BDBA00283EA9 /* ViewController.swift */ = {isa = PBXFileReference; lastKnownFileType = sourcecode.swift; path = ViewController.swift; sourceTree = "<group>"; };
		94854F271EC0BDBA00283EA9 /* Base */ = {isa = PBXFileReference; lastKnownFileType = file.storyboard; name = Base; path = Base.lproj/Main.storyboard; sourceTree = "<group>"; };
		94854F291EC0BDBA00283EA9 /* Assets.xcassets */ = {isa = PBXFileReference; lastKnownFileType = folder.assetcatalog; path = Assets.xcassets; sourceTree = "<group>"; };
		94854F2C1EC0BDBA00283EA9 /* Base */ = {isa = PBXFileReference; lastKnownFileType = file.storyboard; name = Base; path = Base.lproj/LaunchScreen.storyboard; sourceTree = "<group>"; };
		94854F2E1EC0BDBA00283EA9 /* Info.plist */ = {isa = PBXFileReference; lastKnownFileType = text.plist.xml; path = Info.plist; sourceTree = "<group>"; };
		94854F311EC0BDBA00283EA9 /* THMReader WatchKit App.app */ = {isa = PBXFileReference; explicitFileType = wrapper.application; includeInIndex = 0; path = "THMReader WatchKit App.app"; sourceTree = BUILT_PRODUCTS_DIR; };
		94854F371EC0BDBA00283EA9 /* Base */ = {isa = PBXFileReference; lastKnownFileType = file.storyboard; name = Base; path = Base.lproj/Interface.storyboard; sourceTree = "<group>"; };
		94854F391EC0BDBA00283EA9 /* Assets.xcassets */ = {isa = PBXFileReference; lastKnownFileType = folder.assetcatalog; path = Assets.xcassets; sourceTree = "<group>"; };
		94854F3B1EC0BDBA00283EA9 /* Info.plist */ = {isa = PBXFileReference; lastKnownFileType = text.plist.xml; path = Info.plist; sourceTree = "<group>"; };
		94854F401EC0BDBA00283EA9 /* THMReader WatchKit Extension.appex */ = {isa = PBXFileReference; explicitFileType = "wrapper.app-extension"; includeInIndex = 0; path = "THMReader WatchKit Extension.appex"; sourceTree = BUILT_PRODUCTS_DIR; };
		94854F451EC0BDBA00283EA9 /* InterfaceController.swift */ = {isa = PBXFileReference; lastKnownFileType = sourcecode.swift; path = InterfaceController.swift; sourceTree = "<group>"; };
		94854F471EC0BDBA00283EA9 /* ExtensionDelegate.swift */ = {isa = PBXFileReference; lastKnownFileType = sourcecode.swift; path = ExtensionDelegate.swift; sourceTree = "<group>"; };
		94854F491EC0BDBA00283EA9 /* Assets.xcassets */ = {isa = PBXFileReference; lastKnownFileType = folder.assetcatalog; path = Assets.xcassets; sourceTree = "<group>"; };
		94854F4B1EC0BDBA00283EA9 /* Info.plist */ = {isa = PBXFileReference; lastKnownFileType = text.plist.xml; path = Info.plist; sourceTree = "<group>"; };
		9960B40A03DF8EE9B4FDB08D /* Pods_THMReader_WatchKit_Extension.framework */ = {isa = PBXFileReference; explicitFileType = wrapper.framework; includeInIndex = 0; path = Pods_THMReader_WatchKit_Extension.framework; sourceTree = BUILT_PRODUCTS_DIR; };
		C5756FD3BD5230FFEEC145E3 /* Pods_THMReader.framework */ = {isa = PBXFileReference; explicitFileType = wrapper.framework; includeInIndex = 0; path = Pods_THMReader.framework; sourceTree = BUILT_PRODUCTS_DIR; };
		C683BC557B39D92FE33EC5DD /* Pods-THMReader WatchKit Extension.debug.xcconfig */ = {isa = PBXFileReference; includeInIndex = 1; lastKnownFileType = text.xcconfig; name = "Pods-THMReader WatchKit Extension.debug.xcconfig"; path = "Pods/Target Support Files/Pods-THMReader WatchKit Extension/Pods-THMReader WatchKit Extension.debug.xcconfig"; sourceTree = "<group>"; };
		DE34E6F8B63BB68EF8BE75E9 /* Pods-THMReader.debug.xcconfig */ = {isa = PBXFileReference; includeInIndex = 1; lastKnownFileType = text.xcconfig; name = "Pods-THMReader.debug.xcconfig"; path = "Pods/Target Support Files/Pods-THMReader/Pods-THMReader.debug.xcconfig"; sourceTree = "<group>"; };
		F94560ECE32AD0148C57025E /* Pods-THMReader.release.xcconfig */ = {isa = PBXFileReference; includeInIndex = 1; lastKnownFileType = text.xcconfig; name = "Pods-THMReader.release.xcconfig"; path = "Pods/Target Support Files/Pods-THMReader/Pods-THMReader.release.xcconfig"; sourceTree = "<group>"; };
/* End PBXFileReference section */

/* Begin PBXFrameworksBuildPhase section */
		4F25F80DCCB47693EC6A93E9 /* Frameworks */ = {
			isa = PBXFrameworksBuildPhase;
			buildActionMask = 2147483647;
			files = (
				FAD457E2DC96DD3280C716B8 /* Pods_THMReader_WatchKit_App.framework in Frameworks */,
			);
			runOnlyForDeploymentPostprocessing = 0;
		};
		94854F1C1EC0BDBA00283EA9 /* Frameworks */ = {
			isa = PBXFrameworksBuildPhase;
			buildActionMask = 2147483647;
			files = (
				E8368A4EF128184D71E5F67A /* Pods_THMReader.framework in Frameworks */,
			);
			runOnlyForDeploymentPostprocessing = 0;
		};
		94854F3D1EC0BDBA00283EA9 /* Frameworks */ = {
			isa = PBXFrameworksBuildPhase;
			buildActionMask = 2147483647;
			files = (
				3F4787085B60ABCE90BAA253 /* Pods_THMReader_WatchKit_Extension.framework in Frameworks */,
			);
			runOnlyForDeploymentPostprocessing = 0;
		};
/* End PBXFrameworksBuildPhase section */

/* Begin PBXGroup section */
		47090DDC6867C125262321F2 /* Frameworks */ = {
			isa = PBXGroup;
			children = (
				C5756FD3BD5230FFEEC145E3 /* Pods_THMReader.framework */,
				03B71E55339DE09A6D0233E6 /* Pods_THMReader_WatchKit_App.framework */,
				9960B40A03DF8EE9B4FDB08D /* Pods_THMReader_WatchKit_Extension.framework */,
			);
			name = Frameworks;
			sourceTree = "<group>";
		};
		94854F161EC0BDBA00283EA9 = {
			isa = PBXGroup;
			children = (
				94854F211EC0BDBA00283EA9 /* THMReader */,
				94854F351EC0BDBA00283EA9 /* THMReader WatchKit App */,
				94854F441EC0BDBA00283EA9 /* THMReader WatchKit Extension */,
				94854F201EC0BDBA00283EA9 /* Products */,
				E64104F57EEC7F72F38771EB /* Pods */,
				47090DDC6867C125262321F2 /* Frameworks */,
			);
			sourceTree = "<group>";
		};
		94854F201EC0BDBA00283EA9 /* Products */ = {
			isa = PBXGroup;
			children = (
				94854F1F1EC0BDBA00283EA9 /* THMReader.app */,
				94854F311EC0BDBA00283EA9 /* THMReader WatchKit App.app */,
				94854F401EC0BDBA00283EA9 /* THMReader WatchKit Extension.appex */,
			);
			name = Products;
			sourceTree = "<group>";
		};
		94854F211EC0BDBA00283EA9 /* THMReader */ = {
			isa = PBXGroup;
			children = (
				94854F221EC0BDBA00283EA9 /* AppDelegate.swift */,
				94854F241EC0BDBA00283EA9 /* ViewController.swift */,
				94854F261EC0BDBA00283EA9 /* Main.storyboard */,
				94854F291EC0BDBA00283EA9 /* Assets.xcassets */,
				94854F2B1EC0BDBA00283EA9 /* LaunchScreen.storyboard */,
				94854F2E1EC0BDBA00283EA9 /* Info.plist */,
			);
			path = THMReader;
			sourceTree = "<group>";
		};
		94854F351EC0BDBA00283EA9 /* THMReader WatchKit App */ = {
			isa = PBXGroup;
			children = (
				94854F361EC0BDBA00283EA9 /* Interface.storyboard */,
				94854F391EC0BDBA00283EA9 /* Assets.xcassets */,
				94854F3B1EC0BDBA00283EA9 /* Info.plist */,
			);
			path = "THMReader WatchKit App";
			sourceTree = "<group>";
		};
		94854F441EC0BDBA00283EA9 /* THMReader WatchKit Extension */ = {
			isa = PBXGroup;
			children = (
				94854F451EC0BDBA00283EA9 /* InterfaceController.swift */,
				946FE9CE1EC196B700C2DD20 /* ArticleInterfaceController.swift */,
				946FE9CC1EC0D21600C2DD20 /* ArticleRowController.swift */,
				94854F471EC0BDBA00283EA9 /* ExtensionDelegate.swift */,
				94854F491EC0BDBA00283EA9 /* Assets.xcassets */,
				94854F4B1EC0BDBA00283EA9 /* Info.plist */,
			);
			path = "THMReader WatchKit Extension";
			sourceTree = "<group>";
		};
		E64104F57EEC7F72F38771EB /* Pods */ = {
			isa = PBXGroup;
			children = (
				DE34E6F8B63BB68EF8BE75E9 /* Pods-THMReader.debug.xcconfig */,
				F94560ECE32AD0148C57025E /* Pods-THMReader.release.xcconfig */,
				68DE3ED3C09625B389F1A342 /* Pods-THMReader WatchKit App.debug.xcconfig */,
				8629439D3A3E47CD580AB668 /* Pods-THMReader WatchKit App.release.xcconfig */,
				C683BC557B39D92FE33EC5DD /* Pods-THMReader WatchKit Extension.debug.xcconfig */,
				81976D5CF66495BC2104B427 /* Pods-THMReader WatchKit Extension.release.xcconfig */,
			);
			name = Pods;
			sourceTree = "<group>";
		};
/* End PBXGroup section */

/* Begin PBXNativeTarget section */
		94854F1E1EC0BDBA00283EA9 /* THMReader */ = {
			isa = PBXNativeTarget;
			buildConfigurationList = 94854F561EC0BDBA00283EA9 /* Build configuration list for PBXNativeTarget "THMReader" */;
			buildPhases = (
				EAB5F1D7007EC73CFF543D7E /* [CP] Check Pods Manifest.lock */,
				94854F1B1EC0BDBA00283EA9 /* Sources */,
				94854F1C1EC0BDBA00283EA9 /* Frameworks */,
				94854F1D1EC0BDBA00283EA9 /* Resources */,
				94854F551EC0BDBA00283EA9 /* Embed Watch Content */,
				3C650B61FAF7473C53022147 /* [CP] Embed Pods Frameworks */,
				BDBA56D28BDD36A9CE900FE4 /* [CP] Copy Pods Resources */,
			);
			buildRules = (
			);
			dependencies = (
				94854F341EC0BDBA00283EA9 /* PBXTargetDependency */,
			);
			name = THMReader;
			productName = THMReader;
			productReference = 94854F1F1EC0BDBA00283EA9 /* THMReader.app */;
			productType = "com.apple.product-type.application";
		};
		94854F301EC0BDBA00283EA9 /* THMReader WatchKit App */ = {
			isa = PBXNativeTarget;
			buildConfigurationList = 94854F521EC0BDBA00283EA9 /* Build configuration list for PBXNativeTarget "THMReader WatchKit App" */;
			buildPhases = (
				A02E8C73DE0FCF1738019DE9 /* [CP] Check Pods Manifest.lock */,
				94854F2F1EC0BDBA00283EA9 /* Resources */,
				94854F511EC0BDBA00283EA9 /* Embed App Extensions */,
				4F25F80DCCB47693EC6A93E9 /* Frameworks */,
				F4260F923B4D9941EEA5B5D9 /* [CP] Copy Pods Resources */,
			);
			buildRules = (
			);
			dependencies = (
				94854F431EC0BDBA00283EA9 /* PBXTargetDependency */,
			);
			name = "THMReader WatchKit App";
			productName = "THMReader WatchKit App";
			productReference = 94854F311EC0BDBA00283EA9 /* THMReader WatchKit App.app */;
			productType = "com.apple.product-type.application.watchapp2";
		};
		94854F3F1EC0BDBA00283EA9 /* THMReader WatchKit Extension */ = {
			isa = PBXNativeTarget;
			buildConfigurationList = 94854F4E1EC0BDBA00283EA9 /* Build configuration list for PBXNativeTarget "THMReader WatchKit Extension" */;
			buildPhases = (
				4F01356B18DB747C2BC19B8F /* [CP] Check Pods Manifest.lock */,
				94854F3C1EC0BDBA00283EA9 /* Sources */,
				94854F3D1EC0BDBA00283EA9 /* Frameworks */,
				94854F3E1EC0BDBA00283EA9 /* Resources */,
				6F1099050E10950FAAD97E75 /* [CP] Embed Pods Frameworks */,
				CACDC4865FC631E7D6E60D4E /* [CP] Copy Pods Resources */,
			);
			buildRules = (
			);
			dependencies = (
			);
			name = "THMReader WatchKit Extension";
			productName = "THMReader WatchKit Extension";
			productReference = 94854F401EC0BDBA00283EA9 /* THMReader WatchKit Extension.appex */;
			productType = "com.apple.product-type.watchkit2-extension";
		};
/* End PBXNativeTarget section */

/* Begin PBXProject section */
		94854F171EC0BDBA00283EA9 /* Project object */ = {
			isa = PBXProject;
			attributes = {
				LastSwiftUpdateCheck = 0820;
				LastUpgradeCheck = 0820;
				ORGANIZATIONNAME = "Zühlke Engineering GmbH";
				TargetAttributes = {
					94854F1E1EC0BDBA00283EA9 = {
						CreatedOnToolsVersion = 8.2.1;
						DevelopmentTeam = WE27MBG759;
						ProvisioningStyle = Automatic;
					};
					94854F301EC0BDBA00283EA9 = {
						CreatedOnToolsVersion = 8.2.1;
						DevelopmentTeam = WE27MBG759;
						ProvisioningStyle = Automatic;
					};
					94854F3F1EC0BDBA00283EA9 = {
						CreatedOnToolsVersion = 8.2.1;
						DevelopmentTeam = WE27MBG759;
						ProvisioningStyle = Automatic;
					};
				};
			};
			buildConfigurationList = 94854F1A1EC0BDBA00283EA9 /* Build configuration list for PBXProject "THMReader" */;
			compatibilityVersion = "Xcode 3.2";
			developmentRegion = English;
			hasScannedForEncodings = 0;
			knownRegions = (
				en,
				Base,
			);
			mainGroup = 94854F161EC0BDBA00283EA9;
			productRefGroup = 94854F201EC0BDBA00283EA9 /* Products */;
			projectDirPath = "";
			projectRoot = "";
			targets = (
				94854F1E1EC0BDBA00283EA9 /* THMReader */,
				94854F301EC0BDBA00283EA9 /* THMReader WatchKit App */,
				94854F3F1EC0BDBA00283EA9 /* THMReader WatchKit Extension */,
			);
		};
/* End PBXProject section */

/* Begin PBXResourcesBuildPhase section */
		94854F1D1EC0BDBA00283EA9 /* Resources */ = {
			isa = PBXResourcesBuildPhase;
			buildActionMask = 2147483647;
			files = (
				94854F2D1EC0BDBA00283EA9 /* LaunchScreen.storyboard in Resources */,
				94854F2A1EC0BDBA00283EA9 /* Assets.xcassets in Resources */,
				94854F281EC0BDBA00283EA9 /* Main.storyboard in Resources */,
			);
			runOnlyForDeploymentPostprocessing = 0;
		};
		94854F2F1EC0BDBA00283EA9 /* Resources */ = {
			isa = PBXResourcesBuildPhase;
			buildActionMask = 2147483647;
			files = (
				94854F3A1EC0BDBA00283EA9 /* Assets.xcassets in Resources */,
				94854F381EC0BDBA00283EA9 /* Interface.storyboard in Resources */,
			);
			runOnlyForDeploymentPostprocessing = 0;
		};
		94854F3E1EC0BDBA00283EA9 /* Resources */ = {
			isa = PBXResourcesBuildPhase;
			buildActionMask = 2147483647;
			files = (
				94854F4A1EC0BDBA00283EA9 /* Assets.xcassets in Resources */,
			);
			runOnlyForDeploymentPostprocessing = 0;
		};
/* End PBXResourcesBuildPhase section */

/* Begin PBXShellScriptBuildPhase section */
		3C650B61FAF7473C53022147 /* [CP] Embed Pods Frameworks */ = {
			isa = PBXShellScriptBuildPhase;
			buildActionMask = 2147483647;
			files = (
			);
			inputPaths = (
			);
			name = "[CP] Embed Pods Frameworks";
			outputPaths = (
			);
			runOnlyForDeploymentPostprocessing = 0;
			shellPath = /bin/sh;
			shellScript = "\"${SRCROOT}/Pods/Target Support Files/Pods-THMReader/Pods-THMReader-frameworks.sh\"\n";
			showEnvVarsInLog = 0;
		};
		4F01356B18DB747C2BC19B8F /* [CP] Check Pods Manifest.lock */ = {
			isa = PBXShellScriptBuildPhase;
			buildActionMask = 2147483647;
			files = (
			);
			inputPaths = (
			);
			name = "[CP] Check Pods Manifest.lock";
			outputPaths = (
			);
			runOnlyForDeploymentPostprocessing = 0;
			shellPath = /bin/sh;
			shellScript = "diff \"${PODS_ROOT}/../Podfile.lock\" \"${PODS_ROOT}/Manifest.lock\" > /dev/null\nif [ $? != 0 ] ; then\n    # print error to STDERR\n    echo \"error: The sandbox is not in sync with the Podfile.lock. Run 'pod install' or update your CocoaPods installation.\" >&2\n    exit 1\nfi\n";
			showEnvVarsInLog = 0;
		};
		6F1099050E10950FAAD97E75 /* [CP] Embed Pods Frameworks */ = {
			isa = PBXShellScriptBuildPhase;
			buildActionMask = 2147483647;
			files = (
			);
			inputPaths = (
			);
			name = "[CP] Embed Pods Frameworks";
			outputPaths = (
			);
			runOnlyForDeploymentPostprocessing = 0;
			shellPath = /bin/sh;
			shellScript = "\"${SRCROOT}/Pods/Target Support Files/Pods-THMReader WatchKit Extension/Pods-THMReader WatchKit Extension-frameworks.sh\"\n";
			showEnvVarsInLog = 0;
		};
		A02E8C73DE0FCF1738019DE9 /* [CP] Check Pods Manifest.lock */ = {
			isa = PBXShellScriptBuildPhase;
			buildActionMask = 2147483647;
			files = (
			);
			inputPaths = (
			);
			name = "[CP] Check Pods Manifest.lock";
			outputPaths = (
			);
			runOnlyForDeploymentPostprocessing = 0;
			shellPath = /bin/sh;
			shellScript = "diff \"${PODS_ROOT}/../Podfile.lock\" \"${PODS_ROOT}/Manifest.lock\" > /dev/null\nif [ $? != 0 ] ; then\n    # print error to STDERR\n    echo \"error: The sandbox is not in sync with the Podfile.lock. Run 'pod install' or update your CocoaPods installation.\" >&2\n    exit 1\nfi\n";
			showEnvVarsInLog = 0;
		};
		BDBA56D28BDD36A9CE900FE4 /* [CP] Copy Pods Resources */ = {
			isa = PBXShellScriptBuildPhase;
			buildActionMask = 2147483647;
			files = (
			);
			inputPaths = (
			);
			name = "[CP] Copy Pods Resources";
			outputPaths = (
			);
			runOnlyForDeploymentPostprocessing = 0;
			shellPath = /bin/sh;
			shellScript = "\"${SRCROOT}/Pods/Target Support Files/Pods-THMReader/Pods-THMReader-resources.sh\"\n";
			showEnvVarsInLog = 0;
		};
		CACDC4865FC631E7D6E60D4E /* [CP] Copy Pods Resources */ = {
			isa = PBXShellScriptBuildPhase;
			buildActionMask = 2147483647;
			files = (
			);
			inputPaths = (
			);
			name = "[CP] Copy Pods Resources";
			outputPaths = (
			);
			runOnlyForDeploymentPostprocessing = 0;
			shellPath = /bin/sh;
			shellScript = "\"${SRCROOT}/Pods/Target Support Files/Pods-THMReader WatchKit Extension/Pods-THMReader WatchKit Extension-resources.sh\"\n";
			showEnvVarsInLog = 0;
		};
		EAB5F1D7007EC73CFF543D7E /* [CP] Check Pods Manifest.lock */ = {
			isa = PBXShellScriptBuildPhase;
			buildActionMask = 2147483647;
			files = (
			);
			inputPaths = (
			);
			name = "[CP] Check Pods Manifest.lock";
			outputPaths = (
			);
			runOnlyForDeploymentPostprocessing = 0;
			shellPath = /bin/sh;
			shellScript = "diff \"${PODS_ROOT}/../Podfile.lock\" \"${PODS_ROOT}/Manifest.lock\" > /dev/null\nif [ $? != 0 ] ; then\n    # print error to STDERR\n    echo \"error: The sandbox is not in sync with the Podfile.lock. Run 'pod install' or update your CocoaPods installation.\" >&2\n    exit 1\nfi\n";
			showEnvVarsInLog = 0;
		};
		F4260F923B4D9941EEA5B5D9 /* [CP] Copy Pods Resources */ = {
			isa = PBXShellScriptBuildPhase;
			buildActionMask = 2147483647;
			files = (
			);
			inputPaths = (
			);
			name = "[CP] Copy Pods Resources";
			outputPaths = (
			);
			runOnlyForDeploymentPostprocessing = 0;
			shellPath = /bin/sh;
			shellScript = "\"${SRCROOT}/Pods/Target Support Files/Pods-THMReader WatchKit App/Pods-THMReader WatchKit App-resources.sh\"\n";
			showEnvVarsInLog = 0;
		};
/* End PBXShellScriptBuildPhase section */

/* Begin PBXSourcesBuildPhase section */
		94854F1B1EC0BDBA00283EA9 /* Sources */ = {
			isa = PBXSourcesBuildPhase;
			buildActionMask = 2147483647;
			files = (
				94854F251EC0BDBA00283EA9 /* ViewController.swift in Sources */,
				94854F231EC0BDBA00283EA9 /* AppDelegate.swift in Sources */,
			);
			runOnlyForDeploymentPostprocessing = 0;
		};
		94854F3C1EC0BDBA00283EA9 /* Sources */ = {
			isa = PBXSourcesBuildPhase;
			buildActionMask = 2147483647;
			files = (
				946FE9CF1EC196B700C2DD20 /* ArticleInterfaceController.swift in Sources */,
				94854F481EC0BDBA00283EA9 /* ExtensionDelegate.swift in Sources */,
				946FE9CD1EC0D21600C2DD20 /* ArticleRowController.swift in Sources */,
				94854F461EC0BDBA00283EA9 /* InterfaceController.swift in Sources */,
			);
			runOnlyForDeploymentPostprocessing = 0;
		};
/* End PBXSourcesBuildPhase section */

/* Begin PBXTargetDependency section */
		94854F341EC0BDBA00283EA9 /* PBXTargetDependency */ = {
			isa = PBXTargetDependency;
			target = 94854F301EC0BDBA00283EA9 /* THMReader WatchKit App */;
			targetProxy = 94854F331EC0BDBA00283EA9 /* PBXContainerItemProxy */;
		};
		94854F431EC0BDBA00283EA9 /* PBXTargetDependency */ = {
			isa = PBXTargetDependency;
			target = 94854F3F1EC0BDBA00283EA9 /* THMReader WatchKit Extension */;
			targetProxy = 94854F421EC0BDBA00283EA9 /* PBXContainerItemProxy */;
		};
/* End PBXTargetDependency section */

/* Begin PBXVariantGroup section */
		94854F261EC0BDBA00283EA9 /* Main.storyboard */ = {
			isa = PBXVariantGroup;
			children = (
				94854F271EC0BDBA00283EA9 /* Base */,
			);
			name = Main.storyboard;
			sourceTree = "<group>";
		};
		94854F2B1EC0BDBA00283EA9 /* LaunchScreen.storyboard */ = {
			isa = PBXVariantGroup;
			children = (
				94854F2C1EC0BDBA00283EA9 /* Base */,
			);
			name = LaunchScreen.storyboard;
			sourceTree = "<group>";
		};
		94854F361EC0BDBA00283EA9 /* Interface.storyboard */ = {
			isa = PBXVariantGroup;
			children = (
				94854F371EC0BDBA00283EA9 /* Base */,
			);
			name = Interface.storyboard;
			sourceTree = "<group>";
		};
/* End PBXVariantGroup section */

/* Begin XCBuildConfiguration section */
		94854F4C1EC0BDBA00283EA9 /* Debug */ = {
			isa = XCBuildConfiguration;
			buildSettings = {
				ALWAYS_SEARCH_USER_PATHS = NO;
				CLANG_ANALYZER_NONNULL = YES;
				CLANG_CXX_LANGUAGE_STANDARD = "gnu++0x";
				CLANG_CXX_LIBRARY = "libc++";
				CLANG_ENABLE_MODULES = YES;
				CLANG_ENABLE_OBJC_ARC = YES;
				CLANG_WARN_BOOL_CONVERSION = YES;
				CLANG_WARN_CONSTANT_CONVERSION = YES;
				CLANG_WARN_DIRECT_OBJC_ISA_USAGE = YES_ERROR;
				CLANG_WARN_DOCUMENTATION_COMMENTS = YES;
				CLANG_WARN_EMPTY_BODY = YES;
				CLANG_WARN_ENUM_CONVERSION = YES;
				CLANG_WARN_INFINITE_RECURSION = YES;
				CLANG_WARN_INT_CONVERSION = YES;
				CLANG_WARN_OBJC_ROOT_CLASS = YES_ERROR;
				CLANG_WARN_SUSPICIOUS_MOVE = YES;
				CLANG_WARN_UNREACHABLE_CODE = YES;
				CLANG_WARN__DUPLICATE_METHOD_MATCH = YES;
				"CODE_SIGN_IDENTITY[sdk=iphoneos*]" = "iPhone Developer";
				COPY_PHASE_STRIP = NO;
				DEBUG_INFORMATION_FORMAT = dwarf;
				ENABLE_STRICT_OBJC_MSGSEND = YES;
				ENABLE_TESTABILITY = YES;
				GCC_C_LANGUAGE_STANDARD = gnu99;
				GCC_DYNAMIC_NO_PIC = NO;
				GCC_NO_COMMON_BLOCKS = YES;
				GCC_OPTIMIZATION_LEVEL = 0;
				GCC_PREPROCESSOR_DEFINITIONS = (
					"DEBUG=1",
					"$(inherited)",
				);
				GCC_WARN_64_TO_32_BIT_CONVERSION = YES;
				GCC_WARN_ABOUT_RETURN_TYPE = YES_ERROR;
				GCC_WARN_UNDECLARED_SELECTOR = YES;
				GCC_WARN_UNINITIALIZED_AUTOS = YES_AGGRESSIVE;
				GCC_WARN_UNUSED_FUNCTION = YES;
				GCC_WARN_UNUSED_VARIABLE = YES;
				IPHONEOS_DEPLOYMENT_TARGET = 10.2;
				MTL_ENABLE_DEBUG_INFO = YES;
				ONLY_ACTIVE_ARCH = YES;
				SDKROOT = iphoneos;
				SWIFT_ACTIVE_COMPILATION_CONDITIONS = DEBUG;
				SWIFT_OPTIMIZATION_LEVEL = "-Onone";
			};
			name = Debug;
		};
		94854F4D1EC0BDBA00283EA9 /* Release */ = {
			isa = XCBuildConfiguration;
			buildSettings = {
				ALWAYS_SEARCH_USER_PATHS = NO;
				CLANG_ANALYZER_NONNULL = YES;
				CLANG_CXX_LANGUAGE_STANDARD = "gnu++0x";
				CLANG_CXX_LIBRARY = "libc++";
				CLANG_ENABLE_MODULES = YES;
				CLANG_ENABLE_OBJC_ARC = YES;
				CLANG_WARN_BOOL_CONVERSION = YES;
				CLANG_WARN_CONSTANT_CONVERSION = YES;
				CLANG_WARN_DIRECT_OBJC_ISA_USAGE = YES_ERROR;
				CLANG_WARN_DOCUMENTATION_COMMENTS = YES;
				CLANG_WARN_EMPTY_BODY = YES;
				CLANG_WARN_ENUM_CONVERSION = YES;
				CLANG_WARN_INFINITE_RECURSION = YES;
				CLANG_WARN_INT_CONVERSION = YES;
				CLANG_WARN_OBJC_ROOT_CLASS = YES_ERROR;
				CLANG_WARN_SUSPICIOUS_MOVE = YES;
				CLANG_WARN_UNREACHABLE_CODE = YES;
				CLANG_WARN__DUPLICATE_METHOD_MATCH = YES;
				"CODE_SIGN_IDENTITY[sdk=iphoneos*]" = "iPhone Developer";
				COPY_PHASE_STRIP = NO;
				DEBUG_INFORMATION_FORMAT = "dwarf-with-dsym";
				ENABLE_NS_ASSERTIONS = NO;
				ENABLE_STRICT_OBJC_MSGSEND = YES;
				GCC_C_LANGUAGE_STANDARD = gnu99;
				GCC_NO_COMMON_BLOCKS = YES;
				GCC_WARN_64_TO_32_BIT_CONVERSION = YES;
				GCC_WARN_ABOUT_RETURN_TYPE = YES_ERROR;
				GCC_WARN_UNDECLARED_SELECTOR = YES;
				GCC_WARN_UNINITIALIZED_AUTOS = YES_AGGRESSIVE;
				GCC_WARN_UNUSED_FUNCTION = YES;
				GCC_WARN_UNUSED_VARIABLE = YES;
				IPHONEOS_DEPLOYMENT_TARGET = 10.2;
				MTL_ENABLE_DEBUG_INFO = NO;
				SDKROOT = iphoneos;
				SWIFT_OPTIMIZATION_LEVEL = "-Owholemodule";
				VALIDATE_PRODUCT = YES;
			};
			name = Release;
		};
		94854F4F1EC0BDBA00283EA9 /* Debug */ = {
			isa = XCBuildConfiguration;
			baseConfigurationReference = C683BC557B39D92FE33EC5DD /* Pods-THMReader WatchKit Extension.debug.xcconfig */;
			buildSettings = {
				ASSETCATALOG_COMPILER_COMPLICATION_NAME = Complication;
				DEVELOPMENT_TEAM = WE27MBG759;
				INFOPLIST_FILE = "THMReader WatchKit Extension/Info.plist";
				LD_RUNPATH_SEARCH_PATHS = "$(inherited) @executable_path/Frameworks @executable_path/../../Frameworks";
				PRODUCT_BUNDLE_IDENTIFIER = com.zuehlke.THMReader.watchkitapp.watchkitextension;
				PRODUCT_NAME = "${TARGET_NAME}";
				SDKROOT = watchos;
				SKIP_INSTALL = YES;
				SWIFT_VERSION = 3.0;
				TARGETED_DEVICE_FAMILY = 4;
				WATCHOS_DEPLOYMENT_TARGET = 3.1;
			};
			name = Debug;
		};
		94854F501EC0BDBA00283EA9 /* Release */ = {
			isa = XCBuildConfiguration;
			baseConfigurationReference = 81976D5CF66495BC2104B427 /* Pods-THMReader WatchKit Extension.release.xcconfig */;
			buildSettings = {
				ASSETCATALOG_COMPILER_COMPLICATION_NAME = Complication;
				DEVELOPMENT_TEAM = WE27MBG759;
				INFOPLIST_FILE = "THMReader WatchKit Extension/Info.plist";
				LD_RUNPATH_SEARCH_PATHS = "$(inherited) @executable_path/Frameworks @executable_path/../../Frameworks";
				PRODUCT_BUNDLE_IDENTIFIER = com.zuehlke.THMReader.watchkitapp.watchkitextension;
				PRODUCT_NAME = "${TARGET_NAME}";
				SDKROOT = watchos;
				SKIP_INSTALL = YES;
				SWIFT_VERSION = 3.0;
				TARGETED_DEVICE_FAMILY = 4;
				WATCHOS_DEPLOYMENT_TARGET = 3.1;
			};
			name = Release;
		};
		94854F531EC0BDBA00283EA9 /* Debug */ = {
			isa = XCBuildConfiguration;
			baseConfigurationReference = 68DE3ED3C09625B389F1A342 /* Pods-THMReader WatchKit App.debug.xcconfig */;
			buildSettings = {
				ALWAYS_EMBED_SWIFT_STANDARD_LIBRARIES = YES;
				ASSETCATALOG_COMPILER_APPICON_NAME = AppIcon;
				DEVELOPMENT_TEAM = WE27MBG759;
				IBSC_MODULE = THMReader_WatchKit_Extension;
				INFOPLIST_FILE = "THMReader WatchKit App/Info.plist";
				PRODUCT_BUNDLE_IDENTIFIER = com.zuehlke.THMReader.watchkitapp;
				PRODUCT_NAME = "$(TARGET_NAME)";
				SDKROOT = watchos;
				SKIP_INSTALL = YES;
				SWIFT_VERSION = 3.0;
				TARGETED_DEVICE_FAMILY = 4;
				WATCHOS_DEPLOYMENT_TARGET = 3.1;
			};
			name = Debug;
		};
		94854F541EC0BDBA00283EA9 /* Release */ = {
			isa = XCBuildConfiguration;
			baseConfigurationReference = 8629439D3A3E47CD580AB668 /* Pods-THMReader WatchKit App.release.xcconfig */;
			buildSettings = {
				ALWAYS_EMBED_SWIFT_STANDARD_LIBRARIES = YES;
				ASSETCATALOG_COMPILER_APPICON_NAME = AppIcon;
				DEVELOPMENT_TEAM = WE27MBG759;
				IBSC_MODULE = THMReader_WatchKit_Extension;
				INFOPLIST_FILE = "THMReader WatchKit App/Info.plist";
				PRODUCT_BUNDLE_IDENTIFIER = com.zuehlke.THMReader.watchkitapp;
				PRODUCT_NAME = "$(TARGET_NAME)";
				SDKROOT = watchos;
				SKIP_INSTALL = YES;
				SWIFT_VERSION = 3.0;
				TARGETED_DEVICE_FAMILY = 4;
				WATCHOS_DEPLOYMENT_TARGET = 3.1;
			};
			name = Release;
		};
		94854F571EC0BDBA00283EA9 /* Debug */ = {
			isa = XCBuildConfiguration;
			baseConfigurationReference = DE34E6F8B63BB68EF8BE75E9 /* Pods-THMReader.debug.xcconfig */;
			buildSettings = {
				ASSETCATALOG_COMPILER_APPICON_NAME = AppIcon;
				DEVELOPMENT_TEAM = WE27MBG759;
				INFOPLIST_FILE = THMReader/Info.plist;
				LD_RUNPATH_SEARCH_PATHS = "$(inherited) @executable_path/Frameworks";
				PRODUCT_BUNDLE_IDENTIFIER = com.zuehlke.THMReader;
				PRODUCT_NAME = "$(TARGET_NAME)";
				SWIFT_VERSION = 3.0;
			};
			name = Debug;
		};
		94854F581EC0BDBA00283EA9 /* Release */ = {
			isa = XCBuildConfiguration;
			baseConfigurationReference = F94560ECE32AD0148C57025E /* Pods-THMReader.release.xcconfig */;
			buildSettings = {
				ASSETCATALOG_COMPILER_APPICON_NAME = AppIcon;
				DEVELOPMENT_TEAM = WE27MBG759;
				INFOPLIST_FILE = THMReader/Info.plist;
				LD_RUNPATH_SEARCH_PATHS = "$(inherited) @executable_path/Frameworks";
				PRODUCT_BUNDLE_IDENTIFIER = com.zuehlke.THMReader;
				PRODUCT_NAME = "$(TARGET_NAME)";
				SWIFT_VERSION = 3.0;
			};
			name = Release;
		};
/* End XCBuildConfiguration section */

/* Begin XCConfigurationList section */
		94854F1A1EC0BDBA00283EA9 /* Build configuration list for PBXProject "THMReader" */ = {
			isa = XCConfigurationList;
			buildConfigurations = (
				94854F4C1EC0BDBA00283EA9 /* Debug */,
				94854F4D1EC0BDBA00283EA9 /* Release */,
			);
			defaultConfigurationIsVisible = 0;
			defaultConfigurationName = Release;
		};
		94854F4E1EC0BDBA00283EA9 /* Build configuration list for PBXNativeTarget "THMReader WatchKit Extension" */ = {
			isa = XCConfigurationList;
			buildConfigurations = (
				94854F4F1EC0BDBA00283EA9 /* Debug */,
				94854F501EC0BDBA00283EA9 /* Release */,
			);
			defaultConfigurationIsVisible = 0;
			defaultConfigurationName = Release;
		};
		94854F521EC0BDBA00283EA9 /* Build configuration list for PBXNativeTarget "THMReader WatchKit App" */ = {
			isa = XCConfigurationList;
			buildConfigurations = (
				94854F531EC0BDBA00283EA9 /* Debug */,
				94854F541EC0BDBA00283EA9 /* Release */,
			);
			defaultConfigurationIsVisible = 0;
			defaultConfigurationName = Release;
		};
		94854F561EC0BDBA00283EA9 /* Build configuration list for PBXNativeTarget "THMReader" */ = {
			isa = XCConfigurationList;
			buildConfigurations = (
				94854F571EC0BDBA00283EA9 /* Debug */,
				94854F581EC0BDBA00283EA9 /* Release */,
			);
			defaultConfigurationIsVisible = 0;
			defaultConfigurationName = Release;
		};
/* End XCConfigurationList section */
	};
	rootObject = 94854F171EC0BDBA00283EA9 /* Project object */;
}
